
Microsoft Visual Studio Solution File, Format Version 12.00
# Visual Studio Version 17
VisualStudioVersion = 17.2.32630.192
MinimumVisualStudioVersion = 10.0.40219.1
Project("{9A19103F-16F7-4668-BE54-9A1E7A4F7556}") = "MobileBff", "MobileBff\MobileBff.csproj", "{0E2D38DF-5832-4FAF-9691-077399FC1051}"
EndProject
Project("{9A19103F-16F7-4668-BE54-9A1E7A4F7556}") = "Tests", "Tests\Tests.csproj", "{79D10625-B422-41DE-A051-B65CC0DEA451}"
EndProject
Project("{9A19103F-16F7-4668-BE54-9A1E7A4F7556}") = "AdapiClient", "AdapiClient\AdapiClient.csproj", "{06A3023B-12CA-4BC6-8D76-1A3ACA48E53C}"
EndProject
Project("{FAE04EC0-301F-11D3-BF4B-00C04F79EFBC}") = "A3SClient", "A3SClient\A3SClient.csproj", "{725A241E-0A21-4442-A104-5FEA8E9E21AB}"
EndProject
Project("{2150E333-8FDC-42A3-9474-1A3956D46DE8}") = "Solution Items", "Solution Items", "{E9392295-6787-4E19-9F42-D09654EFACD1}"
	ProjectSection(SolutionItems) = preProject
		.editorconfig = .editorconfig
	EndProjectSection
EndProject
Project("{FAE04EC0-301F-11D3-BF4B-00C04F79EFBC}") = "Tests.API", "Tests.API\Tests.API.csproj", "{EB4AEEA1-F161-4C6F-8144-127052A33E22}"
EndProject
Global
	GlobalSection(SolutionConfigurationPlatforms) = preSolution
		Debug|Any CPU = Debug|Any CPU
		Release|Any CPU = Release|Any CPU
	EndGlobalSection
	GlobalSection(ProjectConfigurationPlatforms) = postSolution
		{0E2D38DF-5832-4FAF-9691-077399FC1051}.Debug|Any CPU.ActiveCfg = Debug|Any CPU
		{0E2D38DF-5832-4FAF-9691-077399FC1051}.Debug|Any CPU.Build.0 = Debug|Any CPU
		{0E2D38DF-5832-4FAF-9691-077399FC1051}.Release|Any CPU.ActiveCfg = Release|Any CPU
		{0E2D38DF-5832-4FAF-9691-077399FC1051}.Release|Any CPU.Build.0 = Release|Any CPU
		{79D10625-B422-41DE-A051-B65CC0DEA451}.Debug|Any CPU.ActiveCfg = Debug|Any CPU
		{79D10625-B422-41DE-A051-B65CC0DEA451}.Debug|Any CPU.Build.0 = Debug|Any CPU
		{79D10625-B422-41DE-A051-B65CC0DEA451}.Release|Any CPU.ActiveCfg = Release|Any CPU
		{79D10625-B422-41DE-A051-B65CC0DEA451}.Release|Any CPU.Build.0 = Release|Any CPU
		{06A3023B-12CA-4BC6-8D76-1A3ACA48E53C}.Debug|Any CPU.ActiveCfg = Debug|Any CPU
		{06A3023B-12CA-4BC6-8D76-1A3ACA48E53C}.Debug|Any CPU.Build.0 = Debug|Any CPU
		{06A3023B-12CA-4BC6-8D76-1A3ACA48E53C}.Release|Any CPU.ActiveCfg = Release|Any CPU
		{06A3023B-12CA-4BC6-8D76-1A3ACA48E53C}.Release|Any CPU.Build.0 = Release|Any CPU
		{725A241E-0A21-4442-A104-5FEA8E9E21AB}.Debug|Any CPU.ActiveCfg = Debug|Any CPU
		{725A241E-0A21-4442-A104-5FEA8E9E21AB}.Debug|Any CPU.Build.0 = Debug|Any CPU
		{725A241E-0A21-4442-A104-5FEA8E9E21AB}.Release|Any CPU.ActiveCfg = Release|Any CPU
		{725A241E-0A21-4442-A104-5FEA8E9E21AB}.Release|Any CPU.Build.0 = Release|Any CPU
		{EB4AEEA1-F161-4C6F-8144-127052A33E22}.Debug|Any CPU.ActiveCfg = Debug|Any CPU
		{EB4AEEA1-F161-4C6F-8144-127052A33E22}.Debug|Any CPU.Build.0 = Debug|Any CPU
		{EB4AEEA1-F161-4C6F-8144-127052A33E22}.Release|Any CPU.ActiveCfg = Release|Any CPU
		{EB4AEEA1-F161-4C6F-8144-127052A33E22}.Release|Any CPU.Build.0 = Release|Any CPU
	EndGlobalSection
	GlobalSection(SolutionProperties) = preSolution
		HideSolutionNode = FALSE
	EndGlobalSection
	GlobalSection(ExtensibilityGlobals) = postSolution
		SolutionGuid = {4BF402E7-8F12-4DAA-86D8-F914E1373604}
	EndGlobalSection
EndGlobal
